
Microsoft Visual Studio Solution File, Format Version 12.00
# Visual Studio Version 16
VisualStudioVersion = 25.0.1706.14
MinimumVisualStudioVersion = 10.0.40219.1
Project("{FAE04EC0-301F-11D3-BF4B-00C04F79EFBC}") = "Lesson-12", "Lesson-12.csproj", "{5CFE1240-3059-4341-98F1-F48239EDA69A}"
EndProject
Global
	GlobalSection(SolutionConfigurationPlatforms) = preSolution
		Debug|Any CPU = Debug|Any CPU
		Release|Any CPU = Release|Any CPU
	EndGlobalSection
	GlobalSection(ProjectConfigurationPlatforms) = postSolution
		{5CFE1240-3059-4341-98F1-F48239EDA69A}.Debug|Any CPU.ActiveCfg = Debug|Any CPU
		{5CFE1240-3059-4341-98F1-F48239EDA69A}.Debug|Any CPU.Build.0 = Debug|Any CPU
		{5CFE1240-3059-4341-98F1-F48239EDA69A}.Release|Any CPU.ActiveCfg = Release|Any CPU
		{5CFE1240-3059-4341-98F1-F48239EDA69A}.Release|Any CPU.Build.0 = Release|Any CPU
	EndGlobalSection
	GlobalSection(SolutionProperties) = preSolution
		HideSolutionNode = FALSE
	EndGlobalSection
	GlobalSection(ExtensibilityGlobals) = postSolution
		SolutionGuid = {DE52F1C3-D210-4C4C-961B-A4FD8E9A2D04}
	EndGlobalSection
EndGlobal
